// !$*UTF8*$!
{
	archiveVersion = 1;
	classes = {
	};
	objectVersion = 46;
	objects = {

/* Begin PBXBuildFile section */
		14E15EDF1DC6DE7500A5A20B /* main.m in Sources */ = {isa = PBXBuildFile; fileRef = 14E15EDE1DC6DE7500A5A20B /* main.m */; };
		14E15EE21DC6DE7500A5A20B /* AppDelegate.m in Sources */ = {isa = PBXBuildFile; fileRef = 14E15EE11DC6DE7500A5A20B /* AppDelegate.m */; };
		14E15EE51DC6DE7500A5A20B /* ViewController.m in Sources */ = {isa = PBXBuildFile; fileRef = 14E15EE41DC6DE7500A5A20B /* ViewController.m */; };
		14E15EE81DC6DE7500A5A20B /* Main.storyboard in Resources */ = {isa = PBXBuildFile; fileRef = 14E15EE61DC6DE7500A5A20B /* Main.storyboard */; };
		14E15EEA1DC6DE7500A5A20B /* Assets.xcassets in Resources */ = {isa = PBXBuildFile; fileRef = 14E15EE91DC6DE7500A5A20B /* Assets.xcassets */; };
		14E15EED1DC6DE7500A5A20B /* LaunchScreen.storyboard in Resources */ = {isa = PBXBuildFile; fileRef = 14E15EEB1DC6DE7500A5A20B /* LaunchScreen.storyboard */; };
		14E15EF71DC6DEC600A5A20B /* MySingleton.m in Sources */ = {isa = PBXBuildFile; fileRef = 14E15EF61DC6DEC600A5A20B /* MySingleton.m */; };
		14E15EFB1DC6E33A00A5A20B /* MyAutomaticField.m in Sources */ = {isa = PBXBuildFile; fileRef = 14E15EFA1DC6E33A00A5A20B /* MyAutomaticField.m */; };
/* End PBXBuildFile section */

/* Begin PBXFileReference section */
		14E15EDA1DC6DE7500A5A20B /* (1031)NotificationExample.app */ = {isa = PBXFileReference; explicitFileType = wrapper.application; includeInIndex = 0; path = "(1031)NotificationExample.app"; sourceTree = BUILT_PRODUCTS_DIR; };
		14E15EDE1DC6DE7500A5A20B /* main.m */ = {isa = PBXFileReference; lastKnownFileType = sourcecode.c.objc; path = main.m; sourceTree = "<group>"; };
		14E15EE01DC6DE7500A5A20B /* AppDelegate.h */ = {isa = PBXFileReference; lastKnownFileType = sourcecode.c.h; path = AppDelegate.h; sourceTree = "<group>"; };
		14E15EE11DC6DE7500A5A20B /* AppDelegate.m */ = {isa = PBXFileReference; lastKnownFileType = sourcecode.c.objc; path = AppDelegate.m; sourceTree = "<group>"; };
		14E15EE31DC6DE7500A5A20B /* ViewController.h */ = {isa = PBXFileReference; lastKnownFileType = sourcecode.c.h; path = ViewController.h; sourceTree = "<group>"; };
		14E15EE41DC6DE7500A5A20B /* ViewController.m */ = {isa = PBXFileReference; lastKnownFileType = sourcecode.c.objc; path = ViewController.m; sourceTree = "<group>"; };
		14E15EE71DC6DE7500A5A20B /* Base */ = {isa = PBXFileReference; lastKnownFileType = file.storyboard; name = Base; path = Base.lproj/Main.storyboard; sourceTree = "<group>"; };
		14E15EE91DC6DE7500A5A20B /* Assets.xcassets */ = {isa = PBXFileReference; lastKnownFileType = folder.assetcatalog; path = Assets.xcassets; sourceTree = "<group>"; };
		14E15EEC1DC6DE7500A5A20B /* Base */ = {isa = PBXFileReference; lastKnownFileType = file.storyboard; name = Base; path = Base.lproj/LaunchScreen.storyboard; sourceTree = "<group>"; };
		14E15EEE1DC6DE7500A5A20B /* Info.plist */ = {isa = PBXFileReference; lastKnownFileType = text.plist.xml; path = Info.plist; sourceTree = "<group>"; };
		14E15EF41DC6DE8000A5A20B /* PrefixHeader.pch */ = {isa = PBXFileReference; fileEncoding = 4; lastKnownFileType = sourcecode.c.h; name = PrefixHeader.pch; path = ../PrefixHeader.pch; sourceTree = "<group>"; };
		14E15EF51DC6DEC600A5A20B /* MySingleton.h */ = {isa = PBXFileReference; fileEncoding = 4; lastKnownFileType = sourcecode.c.h; name = MySingleton.h; path = ../MySingleton.h; sourceTree = "<group>"; };
		14E15EF61DC6DEC600A5A20B /* MySingleton.m */ = {isa = PBXFileReference; fileEncoding = 4; lastKnownFileType = sourcecode.c.objc; name = MySingleton.m; path = ../MySingleton.m; sourceTree = "<group>"; };
		14E15EF91DC6E33A00A5A20B /* MyAutomaticField.h */ = {isa = PBXFileReference; fileEncoding = 4; lastKnownFileType = sourcecode.c.h; path = MyAutomaticField.h; sourceTree = "<group>"; };
		14E15EFA1DC6E33A00A5A20B /* MyAutomaticField.m */ = {isa = PBXFileReference; fileEncoding = 4; lastKnownFileType = sourcecode.c.objc; path = MyAutomaticField.m; sourceTree = "<group>"; };
/* End PBXFileReference section */

/* Begin PBXFrameworksBuildPhase section */
		14E15ED71DC6DE7500A5A20B /* Frameworks */ = {
			isa = PBXFrameworksBuildPhase;
			buildActionMask = 2147483647;
			files = (
			);
			runOnlyForDeploymentPostprocessing = 0;
		};
/* End PBXFrameworksBuildPhase section */

/* Begin PBXGroup section */
		14E15ED11DC6DE7500A5A20B = {
			isa = PBXGroup;
			children = (
				14E15EDC1DC6DE7500A5A20B /* (1031)NotificationExample */,
				14E15EDB1DC6DE7500A5A20B /* Products */,
			);
			sourceTree = "<group>";
		};
		14E15EDB1DC6DE7500A5A20B /* Products */ = {
			isa = PBXGroup;
			children = (
				14E15EDA1DC6DE7500A5A20B /* (1031)NotificationExample.app */,
			);
			name = Products;
			sourceTree = "<group>";
		};
		14E15EDC1DC6DE7500A5A20B /* (1031)NotificationExample */ = {
			isa = PBXGroup;
			children = (
				14E15EE01DC6DE7500A5A20B /* AppDelegate.h */,
				14E15EE11DC6DE7500A5A20B /* AppDelegate.m */,
				14E15EE31DC6DE7500A5A20B /* ViewController.h */,
				14E15EE41DC6DE7500A5A20B /* ViewController.m */,
				14E15EF91DC6E33A00A5A20B /* MyAutomaticField.h */,
				14E15EFA1DC6E33A00A5A20B /* MyAutomaticField.m */,
				14E15EE61DC6DE7500A5A20B /* Main.storyboard */,
				14E15EE91DC6DE7500A5A20B /* Assets.xcassets */,
				14E15EEB1DC6DE7500A5A20B /* LaunchScreen.storyboard */,
				14E15EEE1DC6DE7500A5A20B /* Info.plist */,
				14E15EF51DC6DEC600A5A20B /* MySingleton.h */,
				14E15EF61DC6DEC600A5A20B /* MySingleton.m */,
				14E15EF41DC6DE8000A5A20B /* PrefixHeader.pch */,
				14E15EDD1DC6DE7500A5A20B /* Supporting Files */,
			);
			path = "(1031)NotificationExample";
			sourceTree = "<group>";
		};
		14E15EDD1DC6DE7500A5A20B /* Supporting Files */ = {
			isa = PBXGroup;
			children = (
				14E15EDE1DC6DE7500A5A20B /* main.m */,
			);
			name = "Supporting Files";
			sourceTree = "<group>";
		};
/* End PBXGroup section */

/* Begin PBXNativeTarget section */
		14E15ED91DC6DE7500A5A20B /* (1031)NotificationExample */ = {
			isa = PBXNativeTarget;
			buildConfigurationList = 14E15EF11DC6DE7500A5A20B /* Build configuration list for PBXNativeTarget "(1031)NotificationExample" */;
			buildPhases = (
				14E15ED61DC6DE7500A5A20B /* Sources */,
				14E15ED71DC6DE7500A5A20B /* Frameworks */,
				14E15ED81DC6DE7500A5A20B /* Resources */,
			);
			buildRules = (
			);
			dependencies = (
			);
			name = "(1031)NotificationExample";
			productName = "(1031)NotificationExample";
			productReference = 14E15EDA1DC6DE7500A5A20B /* (1031)NotificationExample.app */;
			productType = "com.apple.product-type.application";
		};
/* End PBXNativeTarget section */

/* Begin PBXProject section */
		14E15ED21DC6DE7500A5A20B /* Project object */ = {
			isa = PBXProject;
			attributes = {
				LastUpgradeCheck = 0800;
				ORGANIZATIONNAME = Nexus_MYT;
				TargetAttributes = {
					14E15ED91DC6DE7500A5A20B = {
						CreatedOnToolsVersion = 8.0;
						ProvisioningStyle = Automatic;
					};
				};
			};
			buildConfigurationList = 14E15ED51DC6DE7500A5A20B /* Build configuration list for PBXProject "(1031)NotificationExample" */;
			compatibilityVersion = "Xcode 3.2";
			developmentRegion = English;
			hasScannedForEncodings = 0;
			knownRegions = (
				en,
				Base,
			);
			mainGroup = 14E15ED11DC6DE7500A5A20B;
			productRefGroup = 14E15EDB1DC6DE7500A5A20B /* Products */;
			projectDirPath = "";
			projectRoot = "";
			targets = (
				14E15ED91DC6DE7500A5A20B /* (1031)NotificationExample */,
			);
		};
/* End PBXProject section */

/* Begin PBXResourcesBuildPhase section */
		14E15ED81DC6DE7500A5A20B /* Resources */ = {
			isa = PBXResourcesBuildPhase;
			buildActionMask = 2147483647;
			files = (
				14E15EED1DC6DE7500A5A20B /* LaunchScreen.storyboard in Resources */,
				14E15EEA1DC6DE7500A5A20B /* Assets.xcassets in Resources */,
				14E15EE81DC6DE7500A5A20B /* Main.storyboard in Resources */,
			);
			runOnlyForDeploymentPostprocessing = 0;
		};
/* End PBXResourcesBuildPhase section */

/* Begin PBXSourcesBuildPhase section */
		14E15ED61DC6DE7500A5A20B /* Sources */ = {
			isa = PBXSourcesBuildPhase;
			buildActionMask = 2147483647;
			files = (
				14E15EE51DC6DE7500A5A20B /* ViewController.m in Sources */,
				14E15EF71DC6DEC600A5A20B /* MySingleton.m in Sources */,
				14E15EFB1DC6E33A00A5A20B /* MyAutomaticField.m in Sources */,
				14E15EE21DC6DE7500A5A20B /* AppDelegate.m in Sources */,
				14E15EDF1DC6DE7500A5A20B /* main.m in Sources */,
			);
			runOnlyForDeploymentPostprocessing = 0;
		};
/* End PBXSourcesBuildPhase section */

/* Begin PBXVariantGroup section */
		14E15EE61DC6DE7500A5A20B /* Main.storyboard */ = {
			isa = PBXVariantGroup;
			children = (
				14E15EE71DC6DE7500A5A20B /* Base */,
			);
			name = Main.storyboard;
			sourceTree = "<group>";
		};
		14E15EEB1DC6DE7500A5A20B /* LaunchScreen.storyboard */ = {
			isa = PBXVariantGroup;
			children = (
				14E15EEC1DC6DE7500A5A20B /* Base */,
			);
			name = LaunchScreen.storyboard;
			sourceTree = "<group>";
		};
/* End PBXVariantGroup section */

/* Begin XCBuildConfiguration section */
		14E15EEF1DC6DE7500A5A20B /* Debug */ = {
			isa = XCBuildConfiguration;
			buildSettings = {
				ALWAYS_SEARCH_USER_PATHS = NO;
				CLANG_ANALYZER_NONNULL = YES;
				CLANG_CXX_LANGUAGE_STANDARD = "gnu++0x";
				CLANG_CXX_LIBRARY = "libc++";
				CLANG_ENABLE_MODULES = YES;
				CLANG_ENABLE_OBJC_ARC = YES;
				CLANG_WARN_BOOL_CONVERSION = YES;
				CLANG_WARN_CONSTANT_CONVERSION = YES;
				CLANG_WARN_DIRECT_OBJC_ISA_USAGE = YES_ERROR;
				CLANG_WARN_DOCUMENTATION_COMMENTS = YES;
				CLANG_WARN_EMPTY_BODY = YES;
				CLANG_WARN_ENUM_CONVERSION = YES;
				CLANG_WARN_INFINITE_RECURSION = YES;
				CLANG_WARN_INT_CONVERSION = YES;
				CLANG_WARN_OBJC_ROOT_CLASS = YES_ERROR;
				CLANG_WARN_SUSPICIOUS_MOVES = YES;
				CLANG_WARN_UNREACHABLE_CODE = YES;
				CLANG_WARN__DUPLICATE_METHOD_MATCH = YES;
				"CODE_SIGN_IDENTITY[sdk=iphoneos*]" = "iPhone Developer";
				COPY_PHASE_STRIP = NO;
				DEBUG_INFORMATION_FORMAT = dwarf;
				ENABLE_STRICT_OBJC_MSGSEND = YES;
				ENABLE_TESTABILITY = YES;
				GCC_C_LANGUAGE_STANDARD = gnu99;
				GCC_DYNAMIC_NO_PIC = NO;
				GCC_NO_COMMON_BLOCKS = YES;
				GCC_OPTIMIZATION_LEVEL = 0;
				GCC_PREPROCESSOR_DEFINITIONS = (
					"DEBUG=1",
					"$(inherited)",
				);
				GCC_WARN_64_TO_32_BIT_CONVERSION = YES;
				GCC_WARN_ABOUT_RETURN_TYPE = YES_ERROR;
				GCC_WARN_UNDECLARED_SELECTOR = YES;
				GCC_WARN_UNINITIALIZED_AUTOS = YES_AGGRESSIVE;
				GCC_WARN_UNUSED_FUNCTION = YES;
				GCC_WARN_UNUSED_VARIABLE = YES;
				IPHONEOS_DEPLOYMENT_TARGET = 10.0;
				MTL_ENABLE_DEBUG_INFO = YES;
				ONLY_ACTIVE_ARCH = YES;
				SDKROOT = iphoneos;
			};
			name = Debug;
		};
		14E15EF01DC6DE7500A5A20B /* Release */ = {
			isa = XCBuildConfiguration;
			buildSettings = {
				ALWAYS_SEARCH_USER_PATHS = NO;
				CLANG_ANALYZER_NONNULL = YES;
				CLANG_CXX_LANGUAGE_STANDARD = "gnu++0x";
				CLANG_CXX_LIBRARY = "libc++";
				CLANG_ENABLE_MODULES = YES;
				CLANG_ENABLE_OBJC_ARC = YES;
				CLANG_WARN_BOOL_CONVERSION = YES;
				CLANG_WARN_CONSTANT_CONVERSION = YES;
				CLANG_WARN_DIRECT_OBJC_ISA_USAGE = YES_ERROR;
				CLANG_WARN_DOCUMENTATION_COMMENTS = YES;
				CLANG_WARN_EMPTY_BODY = YES;
				CLANG_WARN_ENUM_CONVERSION = YES;
				CLANG_WARN_INFINITE_RECURSION = YES;
				CLANG_WARN_INT_CONVERSION = YES;
				CLANG_WARN_OBJC_ROOT_CLASS = YES_ERROR;
				CLANG_WARN_SUSPICIOUS_MOVES = YES;
				CLANG_WARN_UNREACHABLE_CODE = YES;
				CLANG_WARN__DUPLICATE_METHOD_MATCH = YES;
				"CODE_SIGN_IDENTITY[sdk=iphoneos*]" = "iPhone Developer";
				COPY_PHASE_STRIP = NO;
				DEBUG_INFORMATION_FORMAT = "dwarf-with-dsym";
				ENABLE_NS_ASSERTIONS = NO;
				ENABLE_STRICT_OBJC_MSGSEND = YES;
				GCC_C_LANGUAGE_STANDARD = gnu99;
				GCC_NO_COMMON_BLOCKS = YES;
				GCC_WARN_64_TO_32_BIT_CONVERSION = YES;
				GCC_WARN_ABOUT_RETURN_TYPE = YES_ERROR;
				GCC_WARN_UNDECLARED_SELECTOR = YES;
				GCC_WARN_UNINITIALIZED_AUTOS = YES_AGGRESSIVE;
				GCC_WARN_UNUSED_FUNCTION = YES;
				GCC_WARN_UNUSED_VARIABLE = YES;
				IPHONEOS_DEPLOYMENT_TARGET = 10.0;
				MTL_ENABLE_DEBUG_INFO = NO;
				SDKROOT = iphoneos;
				VALIDATE_PRODUCT = YES;
			};
			name = Release;
		};
		14E15EF21DC6DE7500A5A20B /* Debug */ = {
			isa = XCBuildConfiguration;
			buildSettings = {
				ASSETCATALOG_COMPILER_APPICON_NAME = AppIcon;
				GCC_PRECOMPILE_PREFIX_HEADER = YES;
				GCC_PREFIX_HEADER = "$(SRCROOT)/PrefixHeader.pch";
				INFOPLIST_FILE = "(1031)NotificationExample/Info.plist";
				LD_RUNPATH_SEARCH_PATHS = "$(inherited) @executable_path/Frameworks";
				PRODUCT_BUNDLE_IDENTIFIER = "com.Nexus-MYT.-1031-NotificationExample";
				PRODUCT_NAME = "$(TARGET_NAME)";
			};
			name = Debug;
		};
		14E15EF31DC6DE7500A5A20B /* Release */ = {
			isa = XCBuildConfiguration;
			buildSettings = {
				ASSETCATALOG_COMPILER_APPICON_NAME = AppIcon;
				GCC_PRECOMPILE_PREFIX_HEADER = YES;
				GCC_PREFIX_HEADER = "$(SRCROOT)/PrefixHeader.pch";
				INFOPLIST_FILE = "(1031)NotificationExample/Info.plist";
				LD_RUNPATH_SEARCH_PATHS = "$(inherited) @executable_path/Frameworks";
				PRODUCT_BUNDLE_IDENTIFIER = "com.Nexus-MYT.-1031-NotificationExample";
				PRODUCT_NAME = "$(TARGET_NAME)";
			};
			name = Release;
		};
/* End XCBuildConfiguration section */

/* Begin XCConfigurationList section */
		14E15ED51DC6DE7500A5A20B /* Build configuration list for PBXProject "(1031)NotificationExample" */ = {
			isa = XCConfigurationList;
			buildConfigurations = (
				14E15EEF1DC6DE7500A5A20B /* Debug */,
				14E15EF01DC6DE7500A5A20B /* Release */,
			);
			defaultConfigurationIsVisible = 0;
			defaultConfigurationName = Release;
		};
		14E15EF11DC6DE7500A5A20B /* Build configuration list for PBXNativeTarget "(1031)NotificationExample" */ = {
			isa = XCConfigurationList;
			buildConfigurations = (
				14E15EF21DC6DE7500A5A20B /* Debug */,
				14E15EF31DC6DE7500A5A20B /* Release */,
			);
			defaultConfigurationIsVisible = 0;
		};
/* End XCConfigurationList section */
	};
	rootObject = 14E15ED21DC6DE7500A5A20B /* Project object */;
}
