// !$*UTF8*$!
{
	archiveVersion = 1;
	classes = {
	};
	objectVersion = 46;
	objects = {

/* Begin PBXBuildFile section */
		147CEB291DA37F4400260F03 /* main.m in Sources */ = {isa = PBXBuildFile; fileRef = 147CEB281DA37F4400260F03 /* main.m */; };
		147CEB311DA37F5400260F03 /* Calculator.m in Sources */ = {isa = PBXBuildFile; fileRef = 147CEB301DA37F5400260F03 /* Calculator.m */; };
		147CEB341DA39CB900260F03 /* DataParser.m in Sources */ = {isa = PBXBuildFile; fileRef = 147CEB331DA39CB900260F03 /* DataParser.m */; };
/* End PBXBuildFile section */

/* Begin PBXCopyFilesBuildPhase section */
		147CEB231DA37F4400260F03 /* CopyFiles */ = {
			isa = PBXCopyFilesBuildPhase;
			buildActionMask = 2147483647;
			dstPath = /usr/share/man/man1/;
			dstSubfolderSpec = 0;
			files = (
			);
			runOnlyForDeploymentPostprocessing = 1;
		};
/* End PBXCopyFilesBuildPhase section */

/* Begin PBXFileReference section */
		147CEB251DA37F4400260F03 /* (1004)whileAndForSyntax */ = {isa = PBXFileReference; explicitFileType = "compiled.mach-o.executable"; includeInIndex = 0; path = "(1004)whileAndForSyntax"; sourceTree = BUILT_PRODUCTS_DIR; };
		147CEB281DA37F4400260F03 /* main.m */ = {isa = PBXFileReference; lastKnownFileType = sourcecode.c.objc; path = main.m; sourceTree = "<group>"; };
		147CEB2F1DA37F5400260F03 /* Calculator.h */ = {isa = PBXFileReference; fileEncoding = 4; lastKnownFileType = sourcecode.c.h; path = Calculator.h; sourceTree = "<group>"; };
		147CEB301DA37F5400260F03 /* Calculator.m */ = {isa = PBXFileReference; fileEncoding = 4; lastKnownFileType = sourcecode.c.objc; path = Calculator.m; sourceTree = "<group>"; };
		147CEB321DA39CB900260F03 /* DataParser.h */ = {isa = PBXFileReference; fileEncoding = 4; lastKnownFileType = sourcecode.c.h; path = DataParser.h; sourceTree = "<group>"; };
		147CEB331DA39CB900260F03 /* DataParser.m */ = {isa = PBXFileReference; fileEncoding = 4; lastKnownFileType = sourcecode.c.objc; path = DataParser.m; sourceTree = "<group>"; };
/* End PBXFileReference section */

/* Begin PBXFrameworksBuildPhase section */
		147CEB221DA37F4400260F03 /* Frameworks */ = {
			isa = PBXFrameworksBuildPhase;
			buildActionMask = 2147483647;
			files = (
			);
			runOnlyForDeploymentPostprocessing = 0;
		};
/* End PBXFrameworksBuildPhase section */

/* Begin PBXGroup section */
		147CEB1C1DA37F4400260F03 = {
			isa = PBXGroup;
			children = (
				147CEB271DA37F4400260F03 /* (1004)whileAndForSyntax */,
				147CEB261DA37F4400260F03 /* Products */,
			);
			sourceTree = "<group>";
		};
		147CEB261DA37F4400260F03 /* Products */ = {
			isa = PBXGroup;
			children = (
				147CEB251DA37F4400260F03 /* (1004)whileAndForSyntax */,
			);
			name = Products;
			sourceTree = "<group>";
		};
		147CEB271DA37F4400260F03 /* (1004)whileAndForSyntax */ = {
			isa = PBXGroup;
			children = (
				147CEB281DA37F4400260F03 /* main.m */,
				147CEB321DA39CB900260F03 /* DataParser.h */,
				147CEB331DA39CB900260F03 /* DataParser.m */,
				147CEB2F1DA37F5400260F03 /* Calculator.h */,
				147CEB301DA37F5400260F03 /* Calculator.m */,
			);
			path = "(1004)whileAndForSyntax";
			sourceTree = "<group>";
		};
/* End PBXGroup section */

/* Begin PBXNativeTarget section */
		147CEB241DA37F4400260F03 /* (1004)whileAndForSyntax */ = {
			isa = PBXNativeTarget;
			buildConfigurationList = 147CEB2C1DA37F4400260F03 /* Build configuration list for PBXNativeTarget "(1004)whileAndForSyntax" */;
			buildPhases = (
				147CEB211DA37F4400260F03 /* Sources */,
				147CEB221DA37F4400260F03 /* Frameworks */,
				147CEB231DA37F4400260F03 /* CopyFiles */,
			);
			buildRules = (
			);
			dependencies = (
			);
			name = "(1004)whileAndForSyntax";
			productName = "(1004)whileAndForSyntax";
			productReference = 147CEB251DA37F4400260F03 /* (1004)whileAndForSyntax */;
			productType = "com.apple.product-type.tool";
		};
/* End PBXNativeTarget section */

/* Begin PBXProject section */
		147CEB1D1DA37F4400260F03 /* Project object */ = {
			isa = PBXProject;
			attributes = {
				LastUpgradeCheck = 0800;
				ORGANIZATIONNAME = Nexus_MYT;
				TargetAttributes = {
					147CEB241DA37F4400260F03 = {
						CreatedOnToolsVersion = 8.0;
						ProvisioningStyle = Automatic;
					};
				};
			};
			buildConfigurationList = 147CEB201DA37F4400260F03 /* Build configuration list for PBXProject "(1004)whileAndForSyntax" */;
			compatibilityVersion = "Xcode 3.2";
			developmentRegion = English;
			hasScannedForEncodings = 0;
			knownRegions = (
				en,
			);
			mainGroup = 147CEB1C1DA37F4400260F03;
			productRefGroup = 147CEB261DA37F4400260F03 /* Products */;
			projectDirPath = "";
			projectRoot = "";
			targets = (
				147CEB241DA37F4400260F03 /* (1004)whileAndForSyntax */,
			);
		};
/* End PBXProject section */

/* Begin PBXSourcesBuildPhase section */
		147CEB211DA37F4400260F03 /* Sources */ = {
			isa = PBXSourcesBuildPhase;
			buildActionMask = 2147483647;
			files = (
				147CEB291DA37F4400260F03 /* main.m in Sources */,
				147CEB341DA39CB900260F03 /* DataParser.m in Sources */,
				147CEB311DA37F5400260F03 /* Calculator.m in Sources */,
			);
			runOnlyForDeploymentPostprocessing = 0;
		};
/* End PBXSourcesBuildPhase section */

/* Begin XCBuildConfiguration section */
		147CEB2A1DA37F4400260F03 /* Debug */ = {
			isa = XCBuildConfiguration;
			buildSettings = {
				ALWAYS_SEARCH_USER_PATHS = NO;
				CLANG_ANALYZER_NONNULL = YES;
				CLANG_CXX_LANGUAGE_STANDARD = "gnu++0x";
				CLANG_CXX_LIBRARY = "libc++";
				CLANG_ENABLE_MODULES = YES;
				CLANG_ENABLE_OBJC_ARC = YES;
				CLANG_WARN_BOOL_CONVERSION = YES;
				CLANG_WARN_CONSTANT_CONVERSION = YES;
				CLANG_WARN_DIRECT_OBJC_ISA_USAGE = YES_ERROR;
				CLANG_WARN_DOCUMENTATION_COMMENTS = YES;
				CLANG_WARN_EMPTY_BODY = YES;
				CLANG_WARN_ENUM_CONVERSION = YES;
				CLANG_WARN_INFINITE_RECURSION = YES;
				CLANG_WARN_INT_CONVERSION = YES;
				CLANG_WARN_OBJC_ROOT_CLASS = YES_ERROR;
				CLANG_WARN_SUSPICIOUS_MOVES = YES;
				CLANG_WARN_UNREACHABLE_CODE = YES;
				CLANG_WARN__DUPLICATE_METHOD_MATCH = YES;
				CODE_SIGN_IDENTITY = "-";
				COPY_PHASE_STRIP = NO;
				DEBUG_INFORMATION_FORMAT = dwarf;
				ENABLE_STRICT_OBJC_MSGSEND = YES;
				ENABLE_TESTABILITY = YES;
				GCC_C_LANGUAGE_STANDARD = gnu99;
				GCC_DYNAMIC_NO_PIC = NO;
				GCC_NO_COMMON_BLOCKS = YES;
				GCC_OPTIMIZATION_LEVEL = 0;
				GCC_PREPROCESSOR_DEFINITIONS = (
					"DEBUG=1",
					"$(inherited)",
				);
				GCC_WARN_64_TO_32_BIT_CONVERSION = YES;
				GCC_WARN_ABOUT_RETURN_TYPE = YES_ERROR;
				GCC_WARN_UNDECLARED_SELECTOR = YES;
				GCC_WARN_UNINITIALIZED_AUTOS = YES_AGGRESSIVE;
				GCC_WARN_UNUSED_FUNCTION = YES;
				GCC_WARN_UNUSED_VARIABLE = YES;
				MACOSX_DEPLOYMENT_TARGET = 10.11;
				MTL_ENABLE_DEBUG_INFO = YES;
				ONLY_ACTIVE_ARCH = YES;
				SDKROOT = macosx;
			};
			name = Debug;
		};
		147CEB2B1DA37F4400260F03 /* Release */ = {
			isa = XCBuildConfiguration;
			buildSettings = {
				ALWAYS_SEARCH_USER_PATHS = NO;
				CLANG_ANALYZER_NONNULL = YES;
				CLANG_CXX_LANGUAGE_STANDARD = "gnu++0x";
				CLANG_CXX_LIBRARY = "libc++";
				CLANG_ENABLE_MODULES = YES;
				CLANG_ENABLE_OBJC_ARC = YES;
				CLANG_WARN_BOOL_CONVERSION = YES;
				CLANG_WARN_CONSTANT_CONVERSION = YES;
				CLANG_WARN_DIRECT_OBJC_ISA_USAGE = YES_ERROR;
				CLANG_WARN_DOCUMENTATION_COMMENTS = YES;
				CLANG_WARN_EMPTY_BODY = YES;
				CLANG_WARN_ENUM_CONVERSION = YES;
				CLANG_WARN_INFINITE_RECURSION = YES;
				CLANG_WARN_INT_CONVERSION = YES;
				CLANG_WARN_OBJC_ROOT_CLASS = YES_ERROR;
				CLANG_WARN_SUSPICIOUS_MOVES = YES;
				CLANG_WARN_UNREACHABLE_CODE = YES;
				CLANG_WARN__DUPLICATE_METHOD_MATCH = YES;
				CODE_SIGN_IDENTITY = "-";
				COPY_PHASE_STRIP = NO;
				DEBUG_INFORMATION_FORMAT = "dwarf-with-dsym";
				ENABLE_NS_ASSERTIONS = NO;
				ENABLE_STRICT_OBJC_MSGSEND = YES;
				GCC_C_LANGUAGE_STANDARD = gnu99;
				GCC_NO_COMMON_BLOCKS = YES;
				GCC_WARN_64_TO_32_BIT_CONVERSION = YES;
				GCC_WARN_ABOUT_RETURN_TYPE = YES_ERROR;
				GCC_WARN_UNDECLARED_SELECTOR = YES;
				GCC_WARN_UNINITIALIZED_AUTOS = YES_AGGRESSIVE;
				GCC_WARN_UNUSED_FUNCTION = YES;
				GCC_WARN_UNUSED_VARIABLE = YES;
				MACOSX_DEPLOYMENT_TARGET = 10.11;
				MTL_ENABLE_DEBUG_INFO = NO;
				SDKROOT = macosx;
			};
			name = Release;
		};
		147CEB2D1DA37F4400260F03 /* Debug */ = {
			isa = XCBuildConfiguration;
			buildSettings = {
				PRODUCT_NAME = "$(TARGET_NAME)";
			};
			name = Debug;
		};
		147CEB2E1DA37F4400260F03 /* Release */ = {
			isa = XCBuildConfiguration;
			buildSettings = {
				PRODUCT_NAME = "$(TARGET_NAME)";
			};
			name = Release;
		};
/* End XCBuildConfiguration section */

/* Begin XCConfigurationList section */
		147CEB201DA37F4400260F03 /* Build configuration list for PBXProject "(1004)whileAndForSyntax" */ = {
			isa = XCConfigurationList;
			buildConfigurations = (
				147CEB2A1DA37F4400260F03 /* Debug */,
				147CEB2B1DA37F4400260F03 /* Release */,
			);
			defaultConfigurationIsVisible = 0;
			defaultConfigurationName = Release;
		};
		147CEB2C1DA37F4400260F03 /* Build configuration list for PBXNativeTarget "(1004)whileAndForSyntax" */ = {
			isa = XCConfigurationList;
			buildConfigurations = (
				147CEB2D1DA37F4400260F03 /* Debug */,
				147CEB2E1DA37F4400260F03 /* Release */,
			);
			defaultConfigurationIsVisible = 0;
		};
/* End XCConfigurationList section */
	};
	rootObject = 147CEB1D1DA37F4400260F03 /* Project object */;
}
