// !$*UTF8*$!
{
	archiveVersion = 1;
	classes = {
	};
	objectVersion = 46;
	objects = {

/* Begin PBXBuildFile section */
		141B71131DAE61D7005A1981 /* main.m in Sources */ = {isa = PBXBuildFile; fileRef = 141B71121DAE61D7005A1981 /* main.m */; };
		141B71161DAE61D7005A1981 /* AppDelegate.m in Sources */ = {isa = PBXBuildFile; fileRef = 141B71151DAE61D7005A1981 /* AppDelegate.m */; };
		141B71191DAE61D7005A1981 /* ViewController.m in Sources */ = {isa = PBXBuildFile; fileRef = 141B71181DAE61D7005A1981 /* ViewController.m */; };
		141B711C1DAE61D7005A1981 /* Main.storyboard in Resources */ = {isa = PBXBuildFile; fileRef = 141B711A1DAE61D7005A1981 /* Main.storyboard */; };
		141B711E1DAE61D7005A1981 /* Assets.xcassets in Resources */ = {isa = PBXBuildFile; fileRef = 141B711D1DAE61D7005A1981 /* Assets.xcassets */; };
		141B71211DAE61D7005A1981 /* LaunchScreen.storyboard in Resources */ = {isa = PBXBuildFile; fileRef = 141B711F1DAE61D7005A1981 /* LaunchScreen.storyboard */; };
		141B712C1DAE61D8005A1981 /* _1012_LoginPageTests.m in Sources */ = {isa = PBXBuildFile; fileRef = 141B712B1DAE61D8005A1981 /* _1012_LoginPageTests.m */; };
		141B71371DAE61D8005A1981 /* _1012_LoginPageUITests.m in Sources */ = {isa = PBXBuildFile; fileRef = 141B71361DAE61D8005A1981 /* _1012_LoginPageUITests.m */; };
/* End PBXBuildFile section */

/* Begin PBXContainerItemProxy section */
		141B71281DAE61D8005A1981 /* PBXContainerItemProxy */ = {
			isa = PBXContainerItemProxy;
			containerPortal = 141B71061DAE61D7005A1981 /* Project object */;
			proxyType = 1;
			remoteGlobalIDString = 141B710D1DAE61D7005A1981;
			remoteInfo = "(1012)LoginPage";
		};
		141B71331DAE61D8005A1981 /* PBXContainerItemProxy */ = {
			isa = PBXContainerItemProxy;
			containerPortal = 141B71061DAE61D7005A1981 /* Project object */;
			proxyType = 1;
			remoteGlobalIDString = 141B710D1DAE61D7005A1981;
			remoteInfo = "(1012)LoginPage";
		};
/* End PBXContainerItemProxy section */

/* Begin PBXFileReference section */
		141B710E1DAE61D7005A1981 /* (1012)LoginPage.app */ = {isa = PBXFileReference; explicitFileType = wrapper.application; includeInIndex = 0; path = "(1012)LoginPage.app"; sourceTree = BUILT_PRODUCTS_DIR; };
		141B71121DAE61D7005A1981 /* main.m */ = {isa = PBXFileReference; lastKnownFileType = sourcecode.c.objc; path = main.m; sourceTree = "<group>"; };
		141B71141DAE61D7005A1981 /* AppDelegate.h */ = {isa = PBXFileReference; lastKnownFileType = sourcecode.c.h; path = AppDelegate.h; sourceTree = "<group>"; };
		141B71151DAE61D7005A1981 /* AppDelegate.m */ = {isa = PBXFileReference; lastKnownFileType = sourcecode.c.objc; path = AppDelegate.m; sourceTree = "<group>"; };
		141B71171DAE61D7005A1981 /* ViewController.h */ = {isa = PBXFileReference; lastKnownFileType = sourcecode.c.h; path = ViewController.h; sourceTree = "<group>"; };
		141B71181DAE61D7005A1981 /* ViewController.m */ = {isa = PBXFileReference; lastKnownFileType = sourcecode.c.objc; path = ViewController.m; sourceTree = "<group>"; };
		141B711B1DAE61D7005A1981 /* Base */ = {isa = PBXFileReference; lastKnownFileType = file.storyboard; name = Base; path = Base.lproj/Main.storyboard; sourceTree = "<group>"; };
		141B711D1DAE61D7005A1981 /* Assets.xcassets */ = {isa = PBXFileReference; lastKnownFileType = folder.assetcatalog; path = Assets.xcassets; sourceTree = "<group>"; };
		141B71201DAE61D7005A1981 /* Base */ = {isa = PBXFileReference; lastKnownFileType = file.storyboard; name = Base; path = Base.lproj/LaunchScreen.storyboard; sourceTree = "<group>"; };
		141B71221DAE61D7005A1981 /* Info.plist */ = {isa = PBXFileReference; lastKnownFileType = text.plist.xml; path = Info.plist; sourceTree = "<group>"; };
		141B71271DAE61D8005A1981 /* (1012)LoginPageTests.xctest */ = {isa = PBXFileReference; explicitFileType = wrapper.cfbundle; includeInIndex = 0; path = "(1012)LoginPageTests.xctest"; sourceTree = BUILT_PRODUCTS_DIR; };
		141B712B1DAE61D8005A1981 /* _1012_LoginPageTests.m */ = {isa = PBXFileReference; lastKnownFileType = sourcecode.c.objc; path = _1012_LoginPageTests.m; sourceTree = "<group>"; };
		141B712D1DAE61D8005A1981 /* Info.plist */ = {isa = PBXFileReference; lastKnownFileType = text.plist.xml; path = Info.plist; sourceTree = "<group>"; };
		141B71321DAE61D8005A1981 /* (1012)LoginPageUITests.xctest */ = {isa = PBXFileReference; explicitFileType = wrapper.cfbundle; includeInIndex = 0; path = "(1012)LoginPageUITests.xctest"; sourceTree = BUILT_PRODUCTS_DIR; };
		141B71361DAE61D8005A1981 /* _1012_LoginPageUITests.m */ = {isa = PBXFileReference; lastKnownFileType = sourcecode.c.objc; path = _1012_LoginPageUITests.m; sourceTree = "<group>"; };
		141B71381DAE61D8005A1981 /* Info.plist */ = {isa = PBXFileReference; lastKnownFileType = text.plist.xml; path = Info.plist; sourceTree = "<group>"; };
/* End PBXFileReference section */

/* Begin PBXFrameworksBuildPhase section */
		141B710B1DAE61D7005A1981 /* Frameworks */ = {
			isa = PBXFrameworksBuildPhase;
			buildActionMask = 2147483647;
			files = (
			);
			runOnlyForDeploymentPostprocessing = 0;
		};
		141B71241DAE61D8005A1981 /* Frameworks */ = {
			isa = PBXFrameworksBuildPhase;
			buildActionMask = 2147483647;
			files = (
			);
			runOnlyForDeploymentPostprocessing = 0;
		};
		141B712F1DAE61D8005A1981 /* Frameworks */ = {
			isa = PBXFrameworksBuildPhase;
			buildActionMask = 2147483647;
			files = (
			);
			runOnlyForDeploymentPostprocessing = 0;
		};
/* End PBXFrameworksBuildPhase section */

/* Begin PBXGroup section */
		141B71051DAE61D7005A1981 = {
			isa = PBXGroup;
			children = (
				141B71101DAE61D7005A1981 /* (1012)LoginPage */,
				141B712A1DAE61D8005A1981 /* (1012)LoginPageTests */,
				141B71351DAE61D8005A1981 /* (1012)LoginPageUITests */,
				141B710F1DAE61D7005A1981 /* Products */,
			);
			sourceTree = "<group>";
		};
		141B710F1DAE61D7005A1981 /* Products */ = {
			isa = PBXGroup;
			children = (
				141B710E1DAE61D7005A1981 /* (1012)LoginPage.app */,
				141B71271DAE61D8005A1981 /* (1012)LoginPageTests.xctest */,
				141B71321DAE61D8005A1981 /* (1012)LoginPageUITests.xctest */,
			);
			name = Products;
			sourceTree = "<group>";
		};
		141B71101DAE61D7005A1981 /* (1012)LoginPage */ = {
			isa = PBXGroup;
			children = (
				141B71141DAE61D7005A1981 /* AppDelegate.h */,
				141B71151DAE61D7005A1981 /* AppDelegate.m */,
				141B71171DAE61D7005A1981 /* ViewController.h */,
				141B71181DAE61D7005A1981 /* ViewController.m */,
				141B711A1DAE61D7005A1981 /* Main.storyboard */,
				141B711D1DAE61D7005A1981 /* Assets.xcassets */,
				141B711F1DAE61D7005A1981 /* LaunchScreen.storyboard */,
				141B71221DAE61D7005A1981 /* Info.plist */,
				141B71111DAE61D7005A1981 /* Supporting Files */,
			);
			path = "(1012)LoginPage";
			sourceTree = "<group>";
		};
		141B71111DAE61D7005A1981 /* Supporting Files */ = {
			isa = PBXGroup;
			children = (
				141B71121DAE61D7005A1981 /* main.m */,
			);
			name = "Supporting Files";
			sourceTree = "<group>";
		};
		141B712A1DAE61D8005A1981 /* (1012)LoginPageTests */ = {
			isa = PBXGroup;
			children = (
				141B712B1DAE61D8005A1981 /* _1012_LoginPageTests.m */,
				141B712D1DAE61D8005A1981 /* Info.plist */,
			);
			path = "(1012)LoginPageTests";
			sourceTree = "<group>";
		};
		141B71351DAE61D8005A1981 /* (1012)LoginPageUITests */ = {
			isa = PBXGroup;
			children = (
				141B71361DAE61D8005A1981 /* _1012_LoginPageUITests.m */,
				141B71381DAE61D8005A1981 /* Info.plist */,
			);
			path = "(1012)LoginPageUITests";
			sourceTree = "<group>";
		};
/* End PBXGroup section */

/* Begin PBXNativeTarget section */
		141B710D1DAE61D7005A1981 /* (1012)LoginPage */ = {
			isa = PBXNativeTarget;
			buildConfigurationList = 141B713B1DAE61D8005A1981 /* Build configuration list for PBXNativeTarget "(1012)LoginPage" */;
			buildPhases = (
				141B710A1DAE61D7005A1981 /* Sources */,
				141B710B1DAE61D7005A1981 /* Frameworks */,
				141B710C1DAE61D7005A1981 /* Resources */,
			);
			buildRules = (
			);
			dependencies = (
			);
			name = "(1012)LoginPage";
			productName = "(1012)LoginPage";
			productReference = 141B710E1DAE61D7005A1981 /* (1012)LoginPage.app */;
			productType = "com.apple.product-type.application";
		};
		141B71261DAE61D8005A1981 /* (1012)LoginPageTests */ = {
			isa = PBXNativeTarget;
			buildConfigurationList = 141B713E1DAE61D8005A1981 /* Build configuration list for PBXNativeTarget "(1012)LoginPageTests" */;
			buildPhases = (
				141B71231DAE61D8005A1981 /* Sources */,
				141B71241DAE61D8005A1981 /* Frameworks */,
				141B71251DAE61D8005A1981 /* Resources */,
			);
			buildRules = (
			);
			dependencies = (
				141B71291DAE61D8005A1981 /* PBXTargetDependency */,
			);
			name = "(1012)LoginPageTests";
			productName = "(1012)LoginPageTests";
			productReference = 141B71271DAE61D8005A1981 /* (1012)LoginPageTests.xctest */;
			productType = "com.apple.product-type.bundle.unit-test";
		};
		141B71311DAE61D8005A1981 /* (1012)LoginPageUITests */ = {
			isa = PBXNativeTarget;
			buildConfigurationList = 141B71411DAE61D8005A1981 /* Build configuration list for PBXNativeTarget "(1012)LoginPageUITests" */;
			buildPhases = (
				141B712E1DAE61D8005A1981 /* Sources */,
				141B712F1DAE61D8005A1981 /* Frameworks */,
				141B71301DAE61D8005A1981 /* Resources */,
			);
			buildRules = (
			);
			dependencies = (
				141B71341DAE61D8005A1981 /* PBXTargetDependency */,
			);
			name = "(1012)LoginPageUITests";
			productName = "(1012)LoginPageUITests";
			productReference = 141B71321DAE61D8005A1981 /* (1012)LoginPageUITests.xctest */;
			productType = "com.apple.product-type.bundle.ui-testing";
		};
/* End PBXNativeTarget section */

/* Begin PBXProject section */
		141B71061DAE61D7005A1981 /* Project object */ = {
			isa = PBXProject;
			attributes = {
				LastUpgradeCheck = 0800;
				ORGANIZATIONNAME = Nexus_MYT;
				TargetAttributes = {
					141B710D1DAE61D7005A1981 = {
						CreatedOnToolsVersion = 8.0;
						ProvisioningStyle = Automatic;
					};
					141B71261DAE61D8005A1981 = {
						CreatedOnToolsVersion = 8.0;
						ProvisioningStyle = Automatic;
						TestTargetID = 141B710D1DAE61D7005A1981;
					};
					141B71311DAE61D8005A1981 = {
						CreatedOnToolsVersion = 8.0;
						ProvisioningStyle = Automatic;
						TestTargetID = 141B710D1DAE61D7005A1981;
					};
				};
			};
			buildConfigurationList = 141B71091DAE61D7005A1981 /* Build configuration list for PBXProject "(1012)LoginPage" */;
			compatibilityVersion = "Xcode 3.2";
			developmentRegion = English;
			hasScannedForEncodings = 0;
			knownRegions = (
				en,
				Base,
			);
			mainGroup = 141B71051DAE61D7005A1981;
			productRefGroup = 141B710F1DAE61D7005A1981 /* Products */;
			projectDirPath = "";
			projectRoot = "";
			targets = (
				141B710D1DAE61D7005A1981 /* (1012)LoginPage */,
				141B71261DAE61D8005A1981 /* (1012)LoginPageTests */,
				141B71311DAE61D8005A1981 /* (1012)LoginPageUITests */,
			);
		};
/* End PBXProject section */

/* Begin PBXResourcesBuildPhase section */
		141B710C1DAE61D7005A1981 /* Resources */ = {
			isa = PBXResourcesBuildPhase;
			buildActionMask = 2147483647;
			files = (
				141B71211DAE61D7005A1981 /* LaunchScreen.storyboard in Resources */,
				141B711E1DAE61D7005A1981 /* Assets.xcassets in Resources */,
				141B711C1DAE61D7005A1981 /* Main.storyboard in Resources */,
			);
			runOnlyForDeploymentPostprocessing = 0;
		};
		141B71251DAE61D8005A1981 /* Resources */ = {
			isa = PBXResourcesBuildPhase;
			buildActionMask = 2147483647;
			files = (
			);
			runOnlyForDeploymentPostprocessing = 0;
		};
		141B71301DAE61D8005A1981 /* Resources */ = {
			isa = PBXResourcesBuildPhase;
			buildActionMask = 2147483647;
			files = (
			);
			runOnlyForDeploymentPostprocessing = 0;
		};
/* End PBXResourcesBuildPhase section */

/* Begin PBXSourcesBuildPhase section */
		141B710A1DAE61D7005A1981 /* Sources */ = {
			isa = PBXSourcesBuildPhase;
			buildActionMask = 2147483647;
			files = (
				141B71191DAE61D7005A1981 /* ViewController.m in Sources */,
				141B71161DAE61D7005A1981 /* AppDelegate.m in Sources */,
				141B71131DAE61D7005A1981 /* main.m in Sources */,
			);
			runOnlyForDeploymentPostprocessing = 0;
		};
		141B71231DAE61D8005A1981 /* Sources */ = {
			isa = PBXSourcesBuildPhase;
			buildActionMask = 2147483647;
			files = (
				141B712C1DAE61D8005A1981 /* _1012_LoginPageTests.m in Sources */,
			);
			runOnlyForDeploymentPostprocessing = 0;
		};
		141B712E1DAE61D8005A1981 /* Sources */ = {
			isa = PBXSourcesBuildPhase;
			buildActionMask = 2147483647;
			files = (
				141B71371DAE61D8005A1981 /* _1012_LoginPageUITests.m in Sources */,
			);
			runOnlyForDeploymentPostprocessing = 0;
		};
/* End PBXSourcesBuildPhase section */

/* Begin PBXTargetDependency section */
		141B71291DAE61D8005A1981 /* PBXTargetDependency */ = {
			isa = PBXTargetDependency;
			target = 141B710D1DAE61D7005A1981 /* (1012)LoginPage */;
			targetProxy = 141B71281DAE61D8005A1981 /* PBXContainerItemProxy */;
		};
		141B71341DAE61D8005A1981 /* PBXTargetDependency */ = {
			isa = PBXTargetDependency;
			target = 141B710D1DAE61D7005A1981 /* (1012)LoginPage */;
			targetProxy = 141B71331DAE61D8005A1981 /* PBXContainerItemProxy */;
		};
/* End PBXTargetDependency section */

/* Begin PBXVariantGroup section */
		141B711A1DAE61D7005A1981 /* Main.storyboard */ = {
			isa = PBXVariantGroup;
			children = (
				141B711B1DAE61D7005A1981 /* Base */,
			);
			name = Main.storyboard;
			sourceTree = "<group>";
		};
		141B711F1DAE61D7005A1981 /* LaunchScreen.storyboard */ = {
			isa = PBXVariantGroup;
			children = (
				141B71201DAE61D7005A1981 /* Base */,
			);
			name = LaunchScreen.storyboard;
			sourceTree = "<group>";
		};
/* End PBXVariantGroup section */

/* Begin XCBuildConfiguration section */
		141B71391DAE61D8005A1981 /* Debug */ = {
			isa = XCBuildConfiguration;
			buildSettings = {
				ALWAYS_SEARCH_USER_PATHS = NO;
				CLANG_ANALYZER_NONNULL = YES;
				CLANG_CXX_LANGUAGE_STANDARD = "gnu++0x";
				CLANG_CXX_LIBRARY = "libc++";
				CLANG_ENABLE_MODULES = YES;
				CLANG_ENABLE_OBJC_ARC = YES;
				CLANG_WARN_BOOL_CONVERSION = YES;
				CLANG_WARN_CONSTANT_CONVERSION = YES;
				CLANG_WARN_DIRECT_OBJC_ISA_USAGE = YES_ERROR;
				CLANG_WARN_DOCUMENTATION_COMMENTS = YES;
				CLANG_WARN_EMPTY_BODY = YES;
				CLANG_WARN_ENUM_CONVERSION = YES;
				CLANG_WARN_INFINITE_RECURSION = YES;
				CLANG_WARN_INT_CONVERSION = YES;
				CLANG_WARN_OBJC_ROOT_CLASS = YES_ERROR;
				CLANG_WARN_SUSPICIOUS_MOVES = YES;
				CLANG_WARN_UNREACHABLE_CODE = YES;
				CLANG_WARN__DUPLICATE_METHOD_MATCH = YES;
				"CODE_SIGN_IDENTITY[sdk=iphoneos*]" = "iPhone Developer";
				COPY_PHASE_STRIP = NO;
				DEBUG_INFORMATION_FORMAT = dwarf;
				ENABLE_STRICT_OBJC_MSGSEND = YES;
				ENABLE_TESTABILITY = YES;
				GCC_C_LANGUAGE_STANDARD = gnu99;
				GCC_DYNAMIC_NO_PIC = NO;
				GCC_NO_COMMON_BLOCKS = YES;
				GCC_OPTIMIZATION_LEVEL = 0;
				GCC_PREPROCESSOR_DEFINITIONS = (
					"DEBUG=1",
					"$(inherited)",
				);
				GCC_WARN_64_TO_32_BIT_CONVERSION = YES;
				GCC_WARN_ABOUT_RETURN_TYPE = YES_ERROR;
				GCC_WARN_UNDECLARED_SELECTOR = YES;
				GCC_WARN_UNINITIALIZED_AUTOS = YES_AGGRESSIVE;
				GCC_WARN_UNUSED_FUNCTION = YES;
				GCC_WARN_UNUSED_VARIABLE = YES;
				IPHONEOS_DEPLOYMENT_TARGET = 10.0;
				MTL_ENABLE_DEBUG_INFO = YES;
				ONLY_ACTIVE_ARCH = YES;
				SDKROOT = iphoneos;
			};
			name = Debug;
		};
		141B713A1DAE61D8005A1981 /* Release */ = {
			isa = XCBuildConfiguration;
			buildSettings = {
				ALWAYS_SEARCH_USER_PATHS = NO;
				CLANG_ANALYZER_NONNULL = YES;
				CLANG_CXX_LANGUAGE_STANDARD = "gnu++0x";
				CLANG_CXX_LIBRARY = "libc++";
				CLANG_ENABLE_MODULES = YES;
				CLANG_ENABLE_OBJC_ARC = YES;
				CLANG_WARN_BOOL_CONVERSION = YES;
				CLANG_WARN_CONSTANT_CONVERSION = YES;
				CLANG_WARN_DIRECT_OBJC_ISA_USAGE = YES_ERROR;
				CLANG_WARN_DOCUMENTATION_COMMENTS = YES;
				CLANG_WARN_EMPTY_BODY = YES;
				CLANG_WARN_ENUM_CONVERSION = YES;
				CLANG_WARN_INFINITE_RECURSION = YES;
				CLANG_WARN_INT_CONVERSION = YES;
				CLANG_WARN_OBJC_ROOT_CLASS = YES_ERROR;
				CLANG_WARN_SUSPICIOUS_MOVES = YES;
				CLANG_WARN_UNREACHABLE_CODE = YES;
				CLANG_WARN__DUPLICATE_METHOD_MATCH = YES;
				"CODE_SIGN_IDENTITY[sdk=iphoneos*]" = "iPhone Developer";
				COPY_PHASE_STRIP = NO;
				DEBUG_INFORMATION_FORMAT = "dwarf-with-dsym";
				ENABLE_NS_ASSERTIONS = NO;
				ENABLE_STRICT_OBJC_MSGSEND = YES;
				GCC_C_LANGUAGE_STANDARD = gnu99;
				GCC_NO_COMMON_BLOCKS = YES;
				GCC_WARN_64_TO_32_BIT_CONVERSION = YES;
				GCC_WARN_ABOUT_RETURN_TYPE = YES_ERROR;
				GCC_WARN_UNDECLARED_SELECTOR = YES;
				GCC_WARN_UNINITIALIZED_AUTOS = YES_AGGRESSIVE;
				GCC_WARN_UNUSED_FUNCTION = YES;
				GCC_WARN_UNUSED_VARIABLE = YES;
				IPHONEOS_DEPLOYMENT_TARGET = 10.0;
				MTL_ENABLE_DEBUG_INFO = NO;
				SDKROOT = iphoneos;
				VALIDATE_PRODUCT = YES;
			};
			name = Release;
		};
		141B713C1DAE61D8005A1981 /* Debug */ = {
			isa = XCBuildConfiguration;
			buildSettings = {
				ASSETCATALOG_COMPILER_APPICON_NAME = AppIcon;
				INFOPLIST_FILE = "(1012)LoginPage/Info.plist";
				LD_RUNPATH_SEARCH_PATHS = "$(inherited) @executable_path/Frameworks";
				PRODUCT_BUNDLE_IDENTIFIER = "com.Nexus-MYT.-1012-LoginPage";
				PRODUCT_NAME = "$(TARGET_NAME)";
			};
			name = Debug;
		};
		141B713D1DAE61D8005A1981 /* Release */ = {
			isa = XCBuildConfiguration;
			buildSettings = {
				ASSETCATALOG_COMPILER_APPICON_NAME = AppIcon;
				INFOPLIST_FILE = "(1012)LoginPage/Info.plist";
				LD_RUNPATH_SEARCH_PATHS = "$(inherited) @executable_path/Frameworks";
				PRODUCT_BUNDLE_IDENTIFIER = "com.Nexus-MYT.-1012-LoginPage";
				PRODUCT_NAME = "$(TARGET_NAME)";
			};
			name = Release;
		};
		141B713F1DAE61D8005A1981 /* Debug */ = {
			isa = XCBuildConfiguration;
			buildSettings = {
				BUNDLE_LOADER = "$(TEST_HOST)";
				INFOPLIST_FILE = "(1012)LoginPageTests/Info.plist";
				LD_RUNPATH_SEARCH_PATHS = "$(inherited) @executable_path/Frameworks @loader_path/Frameworks";
				PRODUCT_BUNDLE_IDENTIFIER = "com.Nexus-MYT.-1012-LoginPageTests";
				PRODUCT_NAME = "$(TARGET_NAME)";
				TEST_HOST = "$(BUILT_PRODUCTS_DIR)/(1012)LoginPage.app/(1012)LoginPage";
			};
			name = Debug;
		};
		141B71401DAE61D8005A1981 /* Release */ = {
			isa = XCBuildConfiguration;
			buildSettings = {
				BUNDLE_LOADER = "$(TEST_HOST)";
				INFOPLIST_FILE = "(1012)LoginPageTests/Info.plist";
				LD_RUNPATH_SEARCH_PATHS = "$(inherited) @executable_path/Frameworks @loader_path/Frameworks";
				PRODUCT_BUNDLE_IDENTIFIER = "com.Nexus-MYT.-1012-LoginPageTests";
				PRODUCT_NAME = "$(TARGET_NAME)";
				TEST_HOST = "$(BUILT_PRODUCTS_DIR)/(1012)LoginPage.app/(1012)LoginPage";
			};
			name = Release;
		};
		141B71421DAE61D8005A1981 /* Debug */ = {
			isa = XCBuildConfiguration;
			buildSettings = {
				INFOPLIST_FILE = "(1012)LoginPageUITests/Info.plist";
				LD_RUNPATH_SEARCH_PATHS = "$(inherited) @executable_path/Frameworks @loader_path/Frameworks";
				PRODUCT_BUNDLE_IDENTIFIER = "com.Nexus-MYT.-1012-LoginPageUITests";
				PRODUCT_NAME = "$(TARGET_NAME)";
				TEST_TARGET_NAME = "(1012)LoginPage";
			};
			name = Debug;
		};
		141B71431DAE61D8005A1981 /* Release */ = {
			isa = XCBuildConfiguration;
			buildSettings = {
				INFOPLIST_FILE = "(1012)LoginPageUITests/Info.plist";
				LD_RUNPATH_SEARCH_PATHS = "$(inherited) @executable_path/Frameworks @loader_path/Frameworks";
				PRODUCT_BUNDLE_IDENTIFIER = "com.Nexus-MYT.-1012-LoginPageUITests";
				PRODUCT_NAME = "$(TARGET_NAME)";
				TEST_TARGET_NAME = "(1012)LoginPage";
			};
			name = Release;
		};
/* End XCBuildConfiguration section */

/* Begin XCConfigurationList section */
		141B71091DAE61D7005A1981 /* Build configuration list for PBXProject "(1012)LoginPage" */ = {
			isa = XCConfigurationList;
			buildConfigurations = (
				141B71391DAE61D8005A1981 /* Debug */,
				141B713A1DAE61D8005A1981 /* Release */,
			);
			defaultConfigurationIsVisible = 0;
			defaultConfigurationName = Release;
		};
		141B713B1DAE61D8005A1981 /* Build configuration list for PBXNativeTarget "(1012)LoginPage" */ = {
			isa = XCConfigurationList;
			buildConfigurations = (
				141B713C1DAE61D8005A1981 /* Debug */,
				141B713D1DAE61D8005A1981 /* Release */,
			);
			defaultConfigurationIsVisible = 0;
		};
		141B713E1DAE61D8005A1981 /* Build configuration list for PBXNativeTarget "(1012)LoginPageTests" */ = {
			isa = XCConfigurationList;
			buildConfigurations = (
				141B713F1DAE61D8005A1981 /* Debug */,
				141B71401DAE61D8005A1981 /* Release */,
			);
			defaultConfigurationIsVisible = 0;
		};
		141B71411DAE61D8005A1981 /* Build configuration list for PBXNativeTarget "(1012)LoginPageUITests" */ = {
			isa = XCConfigurationList;
			buildConfigurations = (
				141B71421DAE61D8005A1981 /* Debug */,
				141B71431DAE61D8005A1981 /* Release */,
			);
			defaultConfigurationIsVisible = 0;
		};
/* End XCConfigurationList section */
	};
	rootObject = 141B71061DAE61D7005A1981 /* Project object */;
}
