// !$*UTF8*$!
{
	archiveVersion = 1;
	classes = {
	};
	objectVersion = 46;
	objects = {

/* Begin PBXBuildFile section */
		1484FE121D9A01370061C3EA /* main.m in Sources */ = {isa = PBXBuildFile; fileRef = 1484FE111D9A01370061C3EA /* main.m */; };
		1484FE3D1D9A55E40061C3EA /* Person.m in Sources */ = {isa = PBXBuildFile; fileRef = 1484FE3C1D9A55E40061C3EA /* Person.m */; };
/* End PBXBuildFile section */

/* Begin PBXCopyFilesBuildPhase section */
		1484FE0C1D9A01370061C3EA /* CopyFiles */ = {
			isa = PBXCopyFilesBuildPhase;
			buildActionMask = 2147483647;
			dstPath = /usr/share/man/man1/;
			dstSubfolderSpec = 0;
			files = (
			);
			runOnlyForDeploymentPostprocessing = 1;
		};
/* End PBXCopyFilesBuildPhase section */

/* Begin PBXFileReference section */
		1484FE0E1D9A01370061C3EA /* DataStructureAndPointer0927 */ = {isa = PBXFileReference; explicitFileType = "compiled.mach-o.executable"; includeInIndex = 0; path = DataStructureAndPointer0927; sourceTree = BUILT_PRODUCTS_DIR; };
		1484FE111D9A01370061C3EA /* main.m */ = {isa = PBXFileReference; lastKnownFileType = sourcecode.c.objc; path = main.m; sourceTree = "<group>"; };
		1484FE3B1D9A55E40061C3EA /* Person.h */ = {isa = PBXFileReference; fileEncoding = 4; lastKnownFileType = sourcecode.c.h; path = Person.h; sourceTree = "<group>"; };
		1484FE3C1D9A55E40061C3EA /* Person.m */ = {isa = PBXFileReference; fileEncoding = 4; lastKnownFileType = sourcecode.c.objc; path = Person.m; sourceTree = "<group>"; };
/* End PBXFileReference section */

/* Begin PBXFrameworksBuildPhase section */
		1484FE0B1D9A01370061C3EA /* Frameworks */ = {
			isa = PBXFrameworksBuildPhase;
			buildActionMask = 2147483647;
			files = (
			);
			runOnlyForDeploymentPostprocessing = 0;
		};
/* End PBXFrameworksBuildPhase section */

/* Begin PBXGroup section */
		1484FE051D9A01370061C3EA = {
			isa = PBXGroup;
			children = (
				1484FE101D9A01370061C3EA /* DataStructureAndPointer0927 */,
				1484FE0F1D9A01370061C3EA /* Products */,
			);
			sourceTree = "<group>";
		};
		1484FE0F1D9A01370061C3EA /* Products */ = {
			isa = PBXGroup;
			children = (
				1484FE0E1D9A01370061C3EA /* DataStructureAndPointer0927 */,
			);
			name = Products;
			sourceTree = "<group>";
		};
		1484FE101D9A01370061C3EA /* DataStructureAndPointer0927 */ = {
			isa = PBXGroup;
			children = (
				1484FE111D9A01370061C3EA /* main.m */,
				1484FE3B1D9A55E40061C3EA /* Person.h */,
				1484FE3C1D9A55E40061C3EA /* Person.m */,
			);
			path = DataStructureAndPointer0927;
			sourceTree = "<group>";
		};
/* End PBXGroup section */

/* Begin PBXNativeTarget section */
		1484FE0D1D9A01370061C3EA /* DataStructureAndPointer0927 */ = {
			isa = PBXNativeTarget;
			buildConfigurationList = 1484FE151D9A01370061C3EA /* Build configuration list for PBXNativeTarget "DataStructureAndPointer0927" */;
			buildPhases = (
				1484FE0A1D9A01370061C3EA /* Sources */,
				1484FE0B1D9A01370061C3EA /* Frameworks */,
				1484FE0C1D9A01370061C3EA /* CopyFiles */,
			);
			buildRules = (
			);
			dependencies = (
			);
			name = DataStructureAndPointer0927;
			productName = DataStructureAndPointer0927;
			productReference = 1484FE0E1D9A01370061C3EA /* DataStructureAndPointer0927 */;
			productType = "com.apple.product-type.tool";
		};
/* End PBXNativeTarget section */

/* Begin PBXProject section */
		1484FE061D9A01370061C3EA /* Project object */ = {
			isa = PBXProject;
			attributes = {
				LastUpgradeCheck = 0800;
				ORGANIZATIONNAME = Nexus_MYT;
				TargetAttributes = {
					1484FE0D1D9A01370061C3EA = {
						CreatedOnToolsVersion = 8.0;
						ProvisioningStyle = Automatic;
					};
				};
			};
			buildConfigurationList = 1484FE091D9A01370061C3EA /* Build configuration list for PBXProject "DataStructureAndPointer0927" */;
			compatibilityVersion = "Xcode 3.2";
			developmentRegion = English;
			hasScannedForEncodings = 0;
			knownRegions = (
				en,
			);
			mainGroup = 1484FE051D9A01370061C3EA;
			productRefGroup = 1484FE0F1D9A01370061C3EA /* Products */;
			projectDirPath = "";
			projectRoot = "";
			targets = (
				1484FE0D1D9A01370061C3EA /* DataStructureAndPointer0927 */,
			);
		};
/* End PBXProject section */

/* Begin PBXSourcesBuildPhase section */
		1484FE0A1D9A01370061C3EA /* Sources */ = {
			isa = PBXSourcesBuildPhase;
			buildActionMask = 2147483647;
			files = (
				1484FE3D1D9A55E40061C3EA /* Person.m in Sources */,
				1484FE121D9A01370061C3EA /* main.m in Sources */,
			);
			runOnlyForDeploymentPostprocessing = 0;
		};
/* End PBXSourcesBuildPhase section */

/* Begin XCBuildConfiguration section */
		1484FE131D9A01370061C3EA /* Debug */ = {
			isa = XCBuildConfiguration;
			buildSettings = {
				ALWAYS_SEARCH_USER_PATHS = NO;
				CLANG_ANALYZER_NONNULL = YES;
				CLANG_CXX_LANGUAGE_STANDARD = "gnu++0x";
				CLANG_CXX_LIBRARY = "libc++";
				CLANG_ENABLE_MODULES = YES;
				CLANG_ENABLE_OBJC_ARC = YES;
				CLANG_WARN_BOOL_CONVERSION = YES;
				CLANG_WARN_CONSTANT_CONVERSION = YES;
				CLANG_WARN_DIRECT_OBJC_ISA_USAGE = YES_ERROR;
				CLANG_WARN_DOCUMENTATION_COMMENTS = YES;
				CLANG_WARN_EMPTY_BODY = YES;
				CLANG_WARN_ENUM_CONVERSION = YES;
				CLANG_WARN_INFINITE_RECURSION = YES;
				CLANG_WARN_INT_CONVERSION = YES;
				CLANG_WARN_OBJC_ROOT_CLASS = YES_ERROR;
				CLANG_WARN_SUSPICIOUS_MOVES = YES;
				CLANG_WARN_UNREACHABLE_CODE = YES;
				CLANG_WARN__DUPLICATE_METHOD_MATCH = YES;
				CODE_SIGN_IDENTITY = "-";
				COPY_PHASE_STRIP = NO;
				DEBUG_INFORMATION_FORMAT = dwarf;
				ENABLE_STRICT_OBJC_MSGSEND = YES;
				ENABLE_TESTABILITY = YES;
				GCC_C_LANGUAGE_STANDARD = gnu99;
				GCC_DYNAMIC_NO_PIC = NO;
				GCC_NO_COMMON_BLOCKS = YES;
				GCC_OPTIMIZATION_LEVEL = 0;
				GCC_PREPROCESSOR_DEFINITIONS = (
					"DEBUG=1",
					"$(inherited)",
				);
				GCC_WARN_64_TO_32_BIT_CONVERSION = YES;
				GCC_WARN_ABOUT_RETURN_TYPE = YES_ERROR;
				GCC_WARN_UNDECLARED_SELECTOR = YES;
				GCC_WARN_UNINITIALIZED_AUTOS = YES_AGGRESSIVE;
				GCC_WARN_UNUSED_FUNCTION = YES;
				GCC_WARN_UNUSED_VARIABLE = YES;
				MACOSX_DEPLOYMENT_TARGET = 10.11;
				MTL_ENABLE_DEBUG_INFO = YES;
				ONLY_ACTIVE_ARCH = YES;
				SDKROOT = macosx;
			};
			name = Debug;
		};
		1484FE141D9A01370061C3EA /* Release */ = {
			isa = XCBuildConfiguration;
			buildSettings = {
				ALWAYS_SEARCH_USER_PATHS = NO;
				CLANG_ANALYZER_NONNULL = YES;
				CLANG_CXX_LANGUAGE_STANDARD = "gnu++0x";
				CLANG_CXX_LIBRARY = "libc++";
				CLANG_ENABLE_MODULES = YES;
				CLANG_ENABLE_OBJC_ARC = YES;
				CLANG_WARN_BOOL_CONVERSION = YES;
				CLANG_WARN_CONSTANT_CONVERSION = YES;
				CLANG_WARN_DIRECT_OBJC_ISA_USAGE = YES_ERROR;
				CLANG_WARN_DOCUMENTATION_COMMENTS = YES;
				CLANG_WARN_EMPTY_BODY = YES;
				CLANG_WARN_ENUM_CONVERSION = YES;
				CLANG_WARN_INFINITE_RECURSION = YES;
				CLANG_WARN_INT_CONVERSION = YES;
				CLANG_WARN_OBJC_ROOT_CLASS = YES_ERROR;
				CLANG_WARN_SUSPICIOUS_MOVES = YES;
				CLANG_WARN_UNREACHABLE_CODE = YES;
				CLANG_WARN__DUPLICATE_METHOD_MATCH = YES;
				CODE_SIGN_IDENTITY = "-";
				COPY_PHASE_STRIP = NO;
				DEBUG_INFORMATION_FORMAT = "dwarf-with-dsym";
				ENABLE_NS_ASSERTIONS = NO;
				ENABLE_STRICT_OBJC_MSGSEND = YES;
				GCC_C_LANGUAGE_STANDARD = gnu99;
				GCC_NO_COMMON_BLOCKS = YES;
				GCC_WARN_64_TO_32_BIT_CONVERSION = YES;
				GCC_WARN_ABOUT_RETURN_TYPE = YES_ERROR;
				GCC_WARN_UNDECLARED_SELECTOR = YES;
				GCC_WARN_UNINITIALIZED_AUTOS = YES_AGGRESSIVE;
				GCC_WARN_UNUSED_FUNCTION = YES;
				GCC_WARN_UNUSED_VARIABLE = YES;
				MACOSX_DEPLOYMENT_TARGET = 10.11;
				MTL_ENABLE_DEBUG_INFO = NO;
				SDKROOT = macosx;
			};
			name = Release;
		};
		1484FE161D9A01370061C3EA /* Debug */ = {
			isa = XCBuildConfiguration;
			buildSettings = {
				PRODUCT_NAME = "$(TARGET_NAME)";
			};
			name = Debug;
		};
		1484FE171D9A01370061C3EA /* Release */ = {
			isa = XCBuildConfiguration;
			buildSettings = {
				PRODUCT_NAME = "$(TARGET_NAME)";
			};
			name = Release;
		};
/* End XCBuildConfiguration section */

/* Begin XCConfigurationList section */
		1484FE091D9A01370061C3EA /* Build configuration list for PBXProject "DataStructureAndPointer0927" */ = {
			isa = XCConfigurationList;
			buildConfigurations = (
				1484FE131D9A01370061C3EA /* Debug */,
				1484FE141D9A01370061C3EA /* Release */,
			);
			defaultConfigurationIsVisible = 0;
			defaultConfigurationName = Release;
		};
		1484FE151D9A01370061C3EA /* Build configuration list for PBXNativeTarget "DataStructureAndPointer0927" */ = {
			isa = XCConfigurationList;
			buildConfigurations = (
				1484FE161D9A01370061C3EA /* Debug */,
				1484FE171D9A01370061C3EA /* Release */,
			);
			defaultConfigurationIsVisible = 0;
			defaultConfigurationName = Release;
		};
/* End XCConfigurationList section */
	};
	rootObject = 1484FE061D9A01370061C3EA /* Project object */;
}
